
Microsoft Visual Studio Solution File, Format Version 12.00
# Visual Studio Version 17
VisualStudioVersion = 17.5.33516.290
MinimumVisualStudioVersion = 10.0.40219.1
Project("{FAE04EC0-301F-11D3-BF4B-00C04F79EFBC}") = "RoomBookingApp.Core.Tests", "RoomBookingApp.Core.Tests\RoomBookingApp.Core.Tests.csproj", "{137C5D52-6512-4F20-91FB-0177E224D591}"
EndProject
Project("{FAE04EC0-301F-11D3-BF4B-00C04F79EFBC}") = "RoomBookingApp.Core", "RoomBookingApp.Core\RoomBookingApp.Core.csproj", "{C4B13659-416D-43AA-B929-1DF805BE0F19}"
EndProject
Global
	GlobalSection(SolutionConfigurationPlatforms) = preSolution
		Debug|Any CPU = Debug|Any CPU
		Release|Any CPU = Release|Any CPU
	EndGlobalSection
	GlobalSection(ProjectConfigurationPlatforms) = postSolution
		{137C5D52-6512-4F20-91FB-0177E224D591}.Debug|Any CPU.ActiveCfg = Debug|Any CPU
		{137C5D52-6512-4F20-91FB-0177E224D591}.Debug|Any CPU.Build.0 = Debug|Any CPU
		{137C5D52-6512-4F20-91FB-0177E224D591}.Release|Any CPU.ActiveCfg = Release|Any CPU
		{137C5D52-6512-4F20-91FB-0177E224D591}.Release|Any CPU.Build.0 = Release|Any CPU
		{C4B13659-416D-43AA-B929-1DF805BE0F19}.Debug|Any CPU.ActiveCfg = Debug|Any CPU
		{C4B13659-416D-43AA-B929-1DF805BE0F19}.Debug|Any CPU.Build.0 = Debug|Any CPU
		{C4B13659-416D-43AA-B929-1DF805BE0F19}.Release|Any CPU.ActiveCfg = Release|Any CPU
		{C4B13659-416D-43AA-B929-1DF805BE0F19}.Release|Any CPU.Build.0 = Release|Any CPU
	EndGlobalSection
	GlobalSection(SolutionProperties) = preSolution
		HideSolutionNode = FALSE
	EndGlobalSection
	GlobalSection(ExtensibilityGlobals) = postSolution
		SolutionGuid = {67BEA44F-736A-4C7A-8517-6EAB2EFDBEB3}
	EndGlobalSection
EndGlobal
